# AUTO-GENERATED BY RISHIKESH OMNIVERSE ENGINE. DO NOT EDIT.
version = 1

[[package]]
ecosystem = "py"
name = "torch"
version = "2.1.0"
checksum = "sha256:70f2aed02bacb5400af4fa4c56a0000000000000000000000000000000000000"

[[package]]
ecosystem = "npm"
name = "three"
version = "0.160.0"
checksum = "sha256:6ee047e844701e288d4410287df4d0e030000000000000000000000000000000"

[[package]]
ecosystem = "cargo"
name = "tokio"
version = "1.35.0"
checksum = "sha256:63c2569c2b5c2c78c31ac5b87d84fd500e600000000000000000000000000000"
